# This file is automatically @generated by Cargo.
# It is not intended for manual editing.
version = 3

[[package]]
name = "cc"
version = "1.1.30"
source = "registry+https://github.com/rust-lang/crates.io-index"
checksum = "b16803a61b81d9eabb7eae2588776c4c1e584b738ede45fdbb4c972cec1e9945"
dependencies = [
 "shlex",
]

[[package]]
name = "cmake"
version = "0.1.51"
source = "registry+https://github.com/rust-lang/crates.io-index"
checksum = "fb1e43aa7fd152b1f968787f7dbcdeb306d1867ff373c69955211876c053f91a"
dependencies = [
 "cc",
]

[[package]]
name = "emscripten_main_loop"
version = "0.1.1"
source = "registry+https://github.com/rust-lang/crates.io-index"
checksum = "5afad28b2fe4187ba9be5ea0172be678a18d89972722987a5487cd385669b682"

[[package]]
name = "rpkg-config"
version = "0.1.1"
source = "registry+https://github.com/rust-lang/crates.io-index"
checksum = "03e8af507d334973239a2cc466ee08c48b38df1c22fab7d2c1fa80c074799df8"

[[package]]
name = "s3stest"
version = "0.1.0"
dependencies = [
 "emscripten_main_loop",
 "sdl3-sys",
]

[[package]]
name = "sdl3-src"
version = "3.1.3-preview-0"
source = "registry+https://github.com/rust-lang/crates.io-index"
checksum = "1fc2e2d6c3357af7c05c7e65dbb323504f4aa619d978912c3cf073e40a84a460"

[[package]]
name = "sdl3-sys"
version = "0.0.10+SDL-preview-3.1.3"
source = "registry+https://github.com/rust-lang/crates.io-index"
checksum = "2469b1b1b8f730205f837fd3e3cdf5e759f1ab98315782d8eb261aee7611b959"
dependencies = [
 "cmake",
 "rpkg-config",
 "sdl3-src",
]

[[package]]
name = "shlex"
version = "1.3.0"
source = "registry+https://github.com/rust-lang/crates.io-index"
checksum = "0fda2ff0d084019ba4d7c6f371c95d8fd75ce3524c3cb8fb653a3023f6323e64"
